
Microsoft Visual Studio Solution File, Format Version 12.00
# Visual Studio 15
VisualStudioVersion = 15.0.28307.421
MinimumVisualStudioVersion = 10.0.40219.1
Project("{9A19103F-16F7-4668-BE54-9A1E7A4F7556}") = "StaticFileServer", "StaticFileServer\StaticFileServer.csproj", "{976E44A6-7ED9-4AB1-872F-5516596CF241}"
EndProject
Project("{9A19103F-16F7-4668-BE54-9A1E7A4F7556}") = "CustomMiddleware", "CustomMiddleware\CustomMiddleware.csproj", "{29FB9FE6-6D9B-4BA0-9AAE-C9408533E5A2}"
EndProject
Project("{2150E333-8FDC-42A3-9474-1A3956D46DE8}") = "CCR", "CCR", "{DC887CE7-9CC8-44D0-98B5-B9336BEDB8FE}"
EndProject
Project("{9A19103F-16F7-4668-BE54-9A1E7A4F7556}") = "CCR.WebApis", "CCR.WebApis\CCR.WebApis.csproj", "{43AD8D27-9B06-4C9C-826B-83C9D2A9CC63}"
EndProject
Project("{9A19103F-16F7-4668-BE54-9A1E7A4F7556}") = "CCR.WebApis.Service", "CCR.WebApis.Service\CCR.WebApis.Service.csproj", "{B80A71E7-622F-42BF-83BC-05584C3E47D9}"
EndProject
Project("{FAE04EC0-301F-11D3-BF4B-00C04F79EFBC}") = "CCR.AspWebApi", "CCR.AspWebApi\CCR.AspWebApi.csproj", "{5D145389-0720-4492-B3FB-E37E115AFD4D}"
EndProject
Project("{FAE04EC0-301F-11D3-BF4B-00C04F79EFBC}") = "CCR.AspMvcApi", "CCR.AspMvcApi\CCR.AspMvcApi.csproj", "{FBF8E20C-C09C-46E7-BCDA-9CC6E75B4A6A}"
EndProject
Project("{FAE04EC0-301F-11D3-BF4B-00C04F79EFBC}") = "CCR.Echo.MiniWeb", "CCR.Echo.MiniWeb\CCR.Echo.MiniWeb.csproj", "{C39D6348-24C0-42D3-9B2B-D5AC5397F8FB}"
EndProject
Global
	GlobalSection(SolutionConfigurationPlatforms) = preSolution
		Debug|Any CPU = Debug|Any CPU
		Release|Any CPU = Release|Any CPU
	EndGlobalSection
	GlobalSection(ProjectConfigurationPlatforms) = postSolution
		{976E44A6-7ED9-4AB1-872F-5516596CF241}.Debug|Any CPU.ActiveCfg = Debug|Any CPU
		{976E44A6-7ED9-4AB1-872F-5516596CF241}.Debug|Any CPU.Build.0 = Debug|Any CPU
		{976E44A6-7ED9-4AB1-872F-5516596CF241}.Release|Any CPU.ActiveCfg = Release|Any CPU
		{976E44A6-7ED9-4AB1-872F-5516596CF241}.Release|Any CPU.Build.0 = Release|Any CPU
		{29FB9FE6-6D9B-4BA0-9AAE-C9408533E5A2}.Debug|Any CPU.ActiveCfg = Debug|Any CPU
		{29FB9FE6-6D9B-4BA0-9AAE-C9408533E5A2}.Debug|Any CPU.Build.0 = Debug|Any CPU
		{29FB9FE6-6D9B-4BA0-9AAE-C9408533E5A2}.Release|Any CPU.ActiveCfg = Release|Any CPU
		{29FB9FE6-6D9B-4BA0-9AAE-C9408533E5A2}.Release|Any CPU.Build.0 = Release|Any CPU
		{43AD8D27-9B06-4C9C-826B-83C9D2A9CC63}.Debug|Any CPU.ActiveCfg = Debug|Any CPU
		{43AD8D27-9B06-4C9C-826B-83C9D2A9CC63}.Debug|Any CPU.Build.0 = Debug|Any CPU
		{43AD8D27-9B06-4C9C-826B-83C9D2A9CC63}.Release|Any CPU.ActiveCfg = Release|Any CPU
		{43AD8D27-9B06-4C9C-826B-83C9D2A9CC63}.Release|Any CPU.Build.0 = Release|Any CPU
		{B80A71E7-622F-42BF-83BC-05584C3E47D9}.Debug|Any CPU.ActiveCfg = Debug|Any CPU
		{B80A71E7-622F-42BF-83BC-05584C3E47D9}.Debug|Any CPU.Build.0 = Debug|Any CPU
		{B80A71E7-622F-42BF-83BC-05584C3E47D9}.Release|Any CPU.ActiveCfg = Release|Any CPU
		{B80A71E7-622F-42BF-83BC-05584C3E47D9}.Release|Any CPU.Build.0 = Release|Any CPU
		{5D145389-0720-4492-B3FB-E37E115AFD4D}.Debug|Any CPU.ActiveCfg = Debug|Any CPU
		{5D145389-0720-4492-B3FB-E37E115AFD4D}.Debug|Any CPU.Build.0 = Debug|Any CPU
		{5D145389-0720-4492-B3FB-E37E115AFD4D}.Release|Any CPU.ActiveCfg = Release|Any CPU
		{5D145389-0720-4492-B3FB-E37E115AFD4D}.Release|Any CPU.Build.0 = Release|Any CPU
		{FBF8E20C-C09C-46E7-BCDA-9CC6E75B4A6A}.Debug|Any CPU.ActiveCfg = Debug|Any CPU
		{FBF8E20C-C09C-46E7-BCDA-9CC6E75B4A6A}.Debug|Any CPU.Build.0 = Debug|Any CPU
		{FBF8E20C-C09C-46E7-BCDA-9CC6E75B4A6A}.Release|Any CPU.ActiveCfg = Release|Any CPU
		{FBF8E20C-C09C-46E7-BCDA-9CC6E75B4A6A}.Release|Any CPU.Build.0 = Release|Any CPU
		{C39D6348-24C0-42D3-9B2B-D5AC5397F8FB}.Debug|Any CPU.ActiveCfg = Debug|Any CPU
		{C39D6348-24C0-42D3-9B2B-D5AC5397F8FB}.Debug|Any CPU.Build.0 = Debug|Any CPU
		{C39D6348-24C0-42D3-9B2B-D5AC5397F8FB}.Release|Any CPU.ActiveCfg = Release|Any CPU
		{C39D6348-24C0-42D3-9B2B-D5AC5397F8FB}.Release|Any CPU.Build.0 = Release|Any CPU
	EndGlobalSection
	GlobalSection(SolutionProperties) = preSolution
		HideSolutionNode = FALSE
	EndGlobalSection
	GlobalSection(NestedProjects) = preSolution
		{43AD8D27-9B06-4C9C-826B-83C9D2A9CC63} = {DC887CE7-9CC8-44D0-98B5-B9336BEDB8FE}
		{B80A71E7-622F-42BF-83BC-05584C3E47D9} = {DC887CE7-9CC8-44D0-98B5-B9336BEDB8FE}
		{5D145389-0720-4492-B3FB-E37E115AFD4D} = {DC887CE7-9CC8-44D0-98B5-B9336BEDB8FE}
		{FBF8E20C-C09C-46E7-BCDA-9CC6E75B4A6A} = {DC887CE7-9CC8-44D0-98B5-B9336BEDB8FE}
	EndGlobalSection
	GlobalSection(ExtensibilityGlobals) = postSolution
		SolutionGuid = {7CBCE771-6913-4F33-A772-B46F00103B13}
	EndGlobalSection
EndGlobal
